
Microsoft Visual Studio Solution File, Format Version 12.00
# Visual Studio Version 17
VisualStudioVersion = 17.8.34004.107
MinimumVisualStudioVersion = 10.0.40219.1
Project("{9A19103F-16F7-4668-BE54-9A1E7A4F7556}") = "LearnMethodApp", "LearnMethodApp\LearnMethodApp.csproj", "{171B7625-1A99-4465-9A77-10859A036D0D}"
EndProject
Project("{9A19103F-16F7-4668-BE54-9A1E7A4F7556}") = "SalaryApp", "SalaryApp\SalaryApp.csproj", "{E2506D98-CE6A-4D40-A5D7-AE7CB6C11473}"
EndProject
Project("{FAE04EC0-301F-11D3-BF4B-00C04F79EFBC}") = "GhasemShapeApp", "GhasemShapeApp\GhasemShapeApp.csproj", "{F85678B5-7462-47DC-909C-67A03AC3099D}"
EndProject
Project("{FAE04EC0-301F-11D3-BF4B-00C04F79EFBC}") = "LoopApp", "LoopApp\LoopApp.csproj", "{A2BBC460-CAC9-49D3-97B4-B962914EB5D9}"
EndProject
Project("{FAE04EC0-301F-11D3-BF4B-00C04F79EFBC}") = "MethodApp", "MethodApp\MethodApp.csproj", "{3542A67A-93E0-400A-B3A1-F7459D40F9E1}"
EndProject
Global
	GlobalSection(SolutionConfigurationPlatforms) = preSolution
		Debug|Any CPU = Debug|Any CPU
		Release|Any CPU = Release|Any CPU
	EndGlobalSection
	GlobalSection(ProjectConfigurationPlatforms) = postSolution
		{171B7625-1A99-4465-9A77-10859A036D0D}.Debug|Any CPU.ActiveCfg = Debug|Any CPU
		{171B7625-1A99-4465-9A77-10859A036D0D}.Debug|Any CPU.Build.0 = Debug|Any CPU
		{171B7625-1A99-4465-9A77-10859A036D0D}.Release|Any CPU.ActiveCfg = Release|Any CPU
		{171B7625-1A99-4465-9A77-10859A036D0D}.Release|Any CPU.Build.0 = Release|Any CPU
		{E2506D98-CE6A-4D40-A5D7-AE7CB6C11473}.Debug|Any CPU.ActiveCfg = Debug|Any CPU
		{E2506D98-CE6A-4D40-A5D7-AE7CB6C11473}.Debug|Any CPU.Build.0 = Debug|Any CPU
		{E2506D98-CE6A-4D40-A5D7-AE7CB6C11473}.Release|Any CPU.ActiveCfg = Release|Any CPU
		{E2506D98-CE6A-4D40-A5D7-AE7CB6C11473}.Release|Any CPU.Build.0 = Release|Any CPU
		{F85678B5-7462-47DC-909C-67A03AC3099D}.Debug|Any CPU.ActiveCfg = Debug|Any CPU
		{F85678B5-7462-47DC-909C-67A03AC3099D}.Debug|Any CPU.Build.0 = Debug|Any CPU
		{F85678B5-7462-47DC-909C-67A03AC3099D}.Release|Any CPU.ActiveCfg = Release|Any CPU
		{F85678B5-7462-47DC-909C-67A03AC3099D}.Release|Any CPU.Build.0 = Release|Any CPU
		{A2BBC460-CAC9-49D3-97B4-B962914EB5D9}.Debug|Any CPU.ActiveCfg = Debug|Any CPU
		{A2BBC460-CAC9-49D3-97B4-B962914EB5D9}.Debug|Any CPU.Build.0 = Debug|Any CPU
		{A2BBC460-CAC9-49D3-97B4-B962914EB5D9}.Release|Any CPU.ActiveCfg = Release|Any CPU
		{A2BBC460-CAC9-49D3-97B4-B962914EB5D9}.Release|Any CPU.Build.0 = Release|Any CPU
		{3542A67A-93E0-400A-B3A1-F7459D40F9E1}.Debug|Any CPU.ActiveCfg = Debug|Any CPU
		{3542A67A-93E0-400A-B3A1-F7459D40F9E1}.Debug|Any CPU.Build.0 = Debug|Any CPU
		{3542A67A-93E0-400A-B3A1-F7459D40F9E1}.Release|Any CPU.ActiveCfg = Release|Any CPU
		{3542A67A-93E0-400A-B3A1-F7459D40F9E1}.Release|Any CPU.Build.0 = Release|Any CPU
	EndGlobalSection
	GlobalSection(SolutionProperties) = preSolution
		HideSolutionNode = FALSE
	EndGlobalSection
	GlobalSection(ExtensibilityGlobals) = postSolution
		SolutionGuid = {F22CC162-3342-4BC4-8807-54A7DCA37990}
	EndGlobalSection
EndGlobal
