
Microsoft Visual Studio Solution File, Format Version 12.00
# Visual Studio Version 17
VisualStudioVersion = 17.8.34004.107
MinimumVisualStudioVersion = 10.0.40219.1
Project("{FAE04EC0-301F-11D3-BF4B-00C04F79EFBC}") = "Rectangle", "Rectangle\Rectangle.csproj", "{A307D7B3-6B82-4F7A-9184-406237F0D19A}"
EndProject
Project("{FAE04EC0-301F-11D3-BF4B-00C04F79EFBC}") = "StudentAverage", "StudentAverage\StudentAverage.csproj", "{4F346579-EFD4-4A5E-9E93-CE0EAD91822C}"
EndProject
Project("{FAE04EC0-301F-11D3-BF4B-00C04F79EFBC}") = "MaxAndMinNumber", "MaxAndMinNumber\MaxAndMinNumber.csproj", "{68A9BBB3-0093-4A20-8DF6-A0CF0AB4C6E7}"
EndProject
Project("{FAE04EC0-301F-11D3-BF4B-00C04F79EFBC}") = "ConditionApp", "ConditionApp\ConditionApp.csproj", "{A2A70A97-CD72-4FF9-AAD1-13BF63E8CD26}"
EndProject
Project("{FAE04EC0-301F-11D3-BF4B-00C04F79EFBC}") = "LoopApp", "LoopApp\LoopApp.csproj", "{5FB63ABE-A78B-4491-ADEB-C3275C610CEC}"
EndProject
Global
	GlobalSection(SolutionConfigurationPlatforms) = preSolution
		Debug|Any CPU = Debug|Any CPU
		Release|Any CPU = Release|Any CPU
	EndGlobalSection
	GlobalSection(ProjectConfigurationPlatforms) = postSolution
		{A307D7B3-6B82-4F7A-9184-406237F0D19A}.Debug|Any CPU.ActiveCfg = Debug|Any CPU
		{A307D7B3-6B82-4F7A-9184-406237F0D19A}.Debug|Any CPU.Build.0 = Debug|Any CPU
		{A307D7B3-6B82-4F7A-9184-406237F0D19A}.Release|Any CPU.ActiveCfg = Release|Any CPU
		{A307D7B3-6B82-4F7A-9184-406237F0D19A}.Release|Any CPU.Build.0 = Release|Any CPU
		{4F346579-EFD4-4A5E-9E93-CE0EAD91822C}.Debug|Any CPU.ActiveCfg = Debug|Any CPU
		{4F346579-EFD4-4A5E-9E93-CE0EAD91822C}.Debug|Any CPU.Build.0 = Debug|Any CPU
		{4F346579-EFD4-4A5E-9E93-CE0EAD91822C}.Release|Any CPU.ActiveCfg = Release|Any CPU
		{4F346579-EFD4-4A5E-9E93-CE0EAD91822C}.Release|Any CPU.Build.0 = Release|Any CPU
		{68A9BBB3-0093-4A20-8DF6-A0CF0AB4C6E7}.Debug|Any CPU.ActiveCfg = Debug|Any CPU
		{68A9BBB3-0093-4A20-8DF6-A0CF0AB4C6E7}.Debug|Any CPU.Build.0 = Debug|Any CPU
		{68A9BBB3-0093-4A20-8DF6-A0CF0AB4C6E7}.Release|Any CPU.ActiveCfg = Release|Any CPU
		{68A9BBB3-0093-4A20-8DF6-A0CF0AB4C6E7}.Release|Any CPU.Build.0 = Release|Any CPU
		{A2A70A97-CD72-4FF9-AAD1-13BF63E8CD26}.Debug|Any CPU.ActiveCfg = Debug|Any CPU
		{A2A70A97-CD72-4FF9-AAD1-13BF63E8CD26}.Debug|Any CPU.Build.0 = Debug|Any CPU
		{A2A70A97-CD72-4FF9-AAD1-13BF63E8CD26}.Release|Any CPU.ActiveCfg = Release|Any CPU
		{A2A70A97-CD72-4FF9-AAD1-13BF63E8CD26}.Release|Any CPU.Build.0 = Release|Any CPU
		{5FB63ABE-A78B-4491-ADEB-C3275C610CEC}.Debug|Any CPU.ActiveCfg = Debug|Any CPU
		{5FB63ABE-A78B-4491-ADEB-C3275C610CEC}.Debug|Any CPU.Build.0 = Debug|Any CPU
		{5FB63ABE-A78B-4491-ADEB-C3275C610CEC}.Release|Any CPU.ActiveCfg = Release|Any CPU
		{5FB63ABE-A78B-4491-ADEB-C3275C610CEC}.Release|Any CPU.Build.0 = Release|Any CPU
	EndGlobalSection
	GlobalSection(SolutionProperties) = preSolution
		HideSolutionNode = FALSE
	EndGlobalSection
	GlobalSection(ExtensibilityGlobals) = postSolution
		SolutionGuid = {93F0CC33-8B28-4739-834B-5263CE645DA4}
	EndGlobalSection
EndGlobal
